// !$*UTF8*$!
{
	archiveVersion = 1;
	classes = {
	};
	objectVersion = 50;
	objects = {

/* Begin PBXBuildFile section */
		610F59302497625700FB4A43 /* IngredientSteps.swift in Sources */ = {isa = PBXBuildFile; fileRef = 610F592F2497625700FB4A43 /* IngredientSteps.swift */; };
		610F59322497630C00FB4A43 /* PostComment.swift in Sources */ = {isa = PBXBuildFile; fileRef = 610F59312497630C00FB4A43 /* PostComment.swift */; };
		610F593624976AA500FB4A43 /* IngredientCell.swift in Sources */ = {isa = PBXBuildFile; fileRef = 610F593524976AA500FB4A43 /* IngredientCell.swift */; };
		610F593824976AB900FB4A43 /* StepsCell.swift in Sources */ = {isa = PBXBuildFile; fileRef = 610F593724976AB900FB4A43 /* StepsCell.swift */; };
		6149045F249D0828001C37EF /* commentDataManager.swift in Sources */ = {isa = PBXBuildFile; fileRef = 6149045E249D0828001C37EF /* commentDataManager.swift */; };
		61490463249D0B65001C37EF /* IngredientStepsDataManager.swift in Sources */ = {isa = PBXBuildFile; fileRef = 61490462249D0B65001C37EF /* IngredientStepsDataManager.swift */; };
		614E38BD2497854B00A556F1 /* CommentCell.swift in Sources */ = {isa = PBXBuildFile; fileRef = 614E38BC2497854B00A556F1 /* CommentCell.swift */; };
		614E38BF24978D3C00A556F1 /* PostInfoViewController.swift in Sources */ = {isa = PBXBuildFile; fileRef = 614E38BE24978D3C00A556F1 /* PostInfoViewController.swift */; };
		614E38C124978D8000A556F1 /* CommentsViewController.swift in Sources */ = {isa = PBXBuildFile; fileRef = 614E38C024978D8000A556F1 /* CommentsViewController.swift */; };
		61648B8D2494B5E600DF8590 /* AppDelegate.swift in Sources */ = {isa = PBXBuildFile; fileRef = 61648B8C2494B5E600DF8590 /* AppDelegate.swift */; };
		61648B8F2494B5E600DF8590 /* SceneDelegate.swift in Sources */ = {isa = PBXBuildFile; fileRef = 61648B8E2494B5E600DF8590 /* SceneDelegate.swift */; };
		61648B962494B5E600DF8590 /* Main.storyboard in Resources */ = {isa = PBXBuildFile; fileRef = 61648B942494B5E600DF8590 /* Main.storyboard */; };
		61648B982494B5E700DF8590 /* Assets.xcassets in Resources */ = {isa = PBXBuildFile; fileRef = 61648B972494B5E700DF8590 /* Assets.xcassets */; };
		61648B9B2494B5E700DF8590 /* LaunchScreen.storyboard in Resources */ = {isa = PBXBuildFile; fileRef = 61648B992494B5E700DF8590 /* LaunchScreen.storyboard */; };
		61648BA62494B5E700DF8590 /* SDDPProjectTests.swift in Sources */ = {isa = PBXBuildFile; fileRef = 61648BA52494B5E700DF8590 /* SDDPProjectTests.swift */; };
		61648BB12494B5E700DF8590 /* SDDPProjectUITests.swift in Sources */ = {isa = PBXBuildFile; fileRef = 61648BB02494B5E700DF8590 /* SDDPProjectUITests.swift */; };
		61648BC62494C8F700DF8590 /* PostViewController.swift in Sources */ = {isa = PBXBuildFile; fileRef = 61648BC52494C8F700DF8590 /* PostViewController.swift */; };
		61648BC82494CBFD00DF8590 /* Posts.swift in Sources */ = {isa = PBXBuildFile; fileRef = 61648BC72494CBFD00DF8590 /* Posts.swift */; };
		61648BCA2494D7BA00DF8590 /* PostCell.swift in Sources */ = {isa = PBXBuildFile; fileRef = 61648BC92494D7BA00DF8590 /* PostCell.swift */; };
		616EF910249BD35800F5F066 /* P7_SQLiteDB(4).swift in Sources */ = {isa = PBXBuildFile; fileRef = 616EF90F249BD35800F5F066 /* P7_SQLiteDB(4).swift */; };
		61878B3C249A161500CC82B9 /* FinishPostViewController.swift in Sources */ = {isa = PBXBuildFile; fileRef = 61878B3B249A161500CC82B9 /* FinishPostViewController.swift */; };
		619A135924990CA100896AF2 /* CreatePost1ViewController.swift in Sources */ = {isa = PBXBuildFile; fileRef = 619A135824990CA100896AF2 /* CreatePost1ViewController.swift */; };
		619A135B249922F000896AF2 /* IngredientItemCell.swift in Sources */ = {isa = PBXBuildFile; fileRef = 619A135A249922F000896AF2 /* IngredientItemCell.swift */; };
		619A135D2499232800896AF2 /* IngredientViewController.swift in Sources */ = {isa = PBXBuildFile; fileRef = 619A135C2499232800896AF2 /* IngredientViewController.swift */; };
		619A135F24992ADF00896AF2 /* IngredientInfoViewController.swift in Sources */ = {isa = PBXBuildFile; fileRef = 619A135E24992ADF00896AF2 /* IngredientInfoViewController.swift */; };
		61B18A20249BC366008578C8 /* libsqlite3.tbd in Frameworks */ = {isa = PBXBuildFile; fileRef = 61B18A1F249BC366008578C8 /* libsqlite3.tbd */; };
		61B18A24249BC3CE008578C8 /* BridgingHeader.m in Sources */ = {isa = PBXBuildFile; fileRef = 61B18A23249BC3CE008578C8 /* BridgingHeader.m */; };
		61B18A2A249BC565008578C8 /* postsDataManager.swift in Sources */ = {isa = PBXBuildFile; fileRef = 61B18A29249BC565008578C8 /* postsDataManager.swift */; };
/* End PBXBuildFile section */

/* Begin PBXContainerItemProxy section */
		61648BA22494B5E700DF8590 /* PBXContainerItemProxy */ = {
			isa = PBXContainerItemProxy;
			containerPortal = 61648B812494B5E600DF8590 /* Project object */;
			proxyType = 1;
			remoteGlobalIDString = 61648B882494B5E600DF8590;
			remoteInfo = SDDPProject;
		};
		61648BAD2494B5E700DF8590 /* PBXContainerItemProxy */ = {
			isa = PBXContainerItemProxy;
			containerPortal = 61648B812494B5E600DF8590 /* Project object */;
			proxyType = 1;
			remoteGlobalIDString = 61648B882494B5E600DF8590;
			remoteInfo = SDDPProject;
		};
/* End PBXContainerItemProxy section */

/* Begin PBXFileReference section */
		610F592F2497625700FB4A43 /* IngredientSteps.swift */ = {isa = PBXFileReference; lastKnownFileType = sourcecode.swift; path = IngredientSteps.swift; sourceTree = "<group>"; };
		610F59312497630C00FB4A43 /* PostComment.swift */ = {isa = PBXFileReference; lastKnownFileType = sourcecode.swift; path = PostComment.swift; sourceTree = "<group>"; };
		610F593524976AA500FB4A43 /* IngredientCell.swift */ = {isa = PBXFileReference; lastKnownFileType = sourcecode.swift; path = IngredientCell.swift; sourceTree = "<group>"; };
		610F593724976AB900FB4A43 /* StepsCell.swift */ = {isa = PBXFileReference; lastKnownFileType = sourcecode.swift; path = StepsCell.swift; sourceTree = "<group>"; };
		6149045E249D0828001C37EF /* commentDataManager.swift */ = {isa = PBXFileReference; lastKnownFileType = sourcecode.swift; path = commentDataManager.swift; sourceTree = "<group>"; };
		61490462249D0B65001C37EF /* IngredientStepsDataManager.swift */ = {isa = PBXFileReference; lastKnownFileType = sourcecode.swift; path = IngredientStepsDataManager.swift; sourceTree = "<group>"; };
		614E38BC2497854B00A556F1 /* CommentCell.swift */ = {isa = PBXFileReference; lastKnownFileType = sourcecode.swift; path = CommentCell.swift; sourceTree = "<group>"; };
		614E38BE24978D3C00A556F1 /* PostInfoViewController.swift */ = {isa = PBXFileReference; lastKnownFileType = sourcecode.swift; path = PostInfoViewController.swift; sourceTree = "<group>"; };
		614E38C024978D8000A556F1 /* CommentsViewController.swift */ = {isa = PBXFileReference; lastKnownFileType = sourcecode.swift; path = CommentsViewController.swift; sourceTree = "<group>"; };
		61648B892494B5E600DF8590 /* SDDPProject.app */ = {isa = PBXFileReference; explicitFileType = wrapper.application; includeInIndex = 0; path = SDDPProject.app; sourceTree = BUILT_PRODUCTS_DIR; };
		61648B8C2494B5E600DF8590 /* AppDelegate.swift */ = {isa = PBXFileReference; lastKnownFileType = sourcecode.swift; path = AppDelegate.swift; sourceTree = "<group>"; };
		61648B8E2494B5E600DF8590 /* SceneDelegate.swift */ = {isa = PBXFileReference; lastKnownFileType = sourcecode.swift; path = SceneDelegate.swift; sourceTree = "<group>"; };
		61648B952494B5E600DF8590 /* Base */ = {isa = PBXFileReference; lastKnownFileType = file.storyboard; name = Base; path = Base.lproj/Main.storyboard; sourceTree = "<group>"; };
		61648B972494B5E700DF8590 /* Assets.xcassets */ = {isa = PBXFileReference; lastKnownFileType = folder.assetcatalog; path = Assets.xcassets; sourceTree = "<group>"; };
		61648B9A2494B5E700DF8590 /* Base */ = {isa = PBXFileReference; lastKnownFileType = file.storyboard; name = Base; path = Base.lproj/LaunchScreen.storyboard; sourceTree = "<group>"; };
		61648B9C2494B5E700DF8590 /* Info.plist */ = {isa = PBXFileReference; lastKnownFileType = text.plist.xml; path = Info.plist; sourceTree = "<group>"; };
		61648BA12494B5E700DF8590 /* SDDPProjectTests.xctest */ = {isa = PBXFileReference; explicitFileType = wrapper.cfbundle; includeInIndex = 0; path = SDDPProjectTests.xctest; sourceTree = BUILT_PRODUCTS_DIR; };
		61648BA52494B5E700DF8590 /* SDDPProjectTests.swift */ = {isa = PBXFileReference; lastKnownFileType = sourcecode.swift; path = SDDPProjectTests.swift; sourceTree = "<group>"; };
		61648BA72494B5E700DF8590 /* Info.plist */ = {isa = PBXFileReference; lastKnownFileType = text.plist.xml; path = Info.plist; sourceTree = "<group>"; };
		61648BAC2494B5E700DF8590 /* SDDPProjectUITests.xctest */ = {isa = PBXFileReference; explicitFileType = wrapper.cfbundle; includeInIndex = 0; path = SDDPProjectUITests.xctest; sourceTree = BUILT_PRODUCTS_DIR; };
		61648BB02494B5E700DF8590 /* SDDPProjectUITests.swift */ = {isa = PBXFileReference; lastKnownFileType = sourcecode.swift; path = SDDPProjectUITests.swift; sourceTree = "<group>"; };
		61648BB22494B5E700DF8590 /* Info.plist */ = {isa = PBXFileReference; lastKnownFileType = text.plist.xml; path = Info.plist; sourceTree = "<group>"; };
		61648BC52494C8F700DF8590 /* PostViewController.swift */ = {isa = PBXFileReference; lastKnownFileType = sourcecode.swift; path = PostViewController.swift; sourceTree = "<group>"; };
		61648BC72494CBFD00DF8590 /* Posts.swift */ = {isa = PBXFileReference; lastKnownFileType = sourcecode.swift; path = Posts.swift; sourceTree = "<group>"; };
		61648BC92494D7BA00DF8590 /* PostCell.swift */ = {isa = PBXFileReference; lastKnownFileType = sourcecode.swift; path = PostCell.swift; sourceTree = "<group>"; };
		616EF90F249BD35800F5F066 /* P7_SQLiteDB(4).swift */ = {isa = PBXFileReference; lastKnownFileType = sourcecode.swift; path = "P7_SQLiteDB(4).swift"; sourceTree = "<group>"; };
		61878B3B249A161500CC82B9 /* FinishPostViewController.swift */ = {isa = PBXFileReference; lastKnownFileType = sourcecode.swift; path = FinishPostViewController.swift; sourceTree = "<group>"; };
		619A135824990CA100896AF2 /* CreatePost1ViewController.swift */ = {isa = PBXFileReference; lastKnownFileType = sourcecode.swift; path = CreatePost1ViewController.swift; sourceTree = "<group>"; };
		619A135A249922F000896AF2 /* IngredientItemCell.swift */ = {isa = PBXFileReference; lastKnownFileType = sourcecode.swift; path = IngredientItemCell.swift; sourceTree = "<group>"; };
		619A135C2499232800896AF2 /* IngredientViewController.swift */ = {isa = PBXFileReference; lastKnownFileType = sourcecode.swift; path = IngredientViewController.swift; sourceTree = "<group>"; };
		619A135E24992ADF00896AF2 /* IngredientInfoViewController.swift */ = {isa = PBXFileReference; lastKnownFileType = sourcecode.swift; path = IngredientInfoViewController.swift; sourceTree = "<group>"; };
		61B18A1F249BC366008578C8 /* libsqlite3.tbd */ = {isa = PBXFileReference; lastKnownFileType = "sourcecode.text-based-dylib-definition"; name = libsqlite3.tbd; path = usr/lib/libsqlite3.tbd; sourceTree = SDKROOT; };
		61B18A21249BC3CE008578C8 /* SDDPProject-Bridging-Header.h */ = {isa = PBXFileReference; lastKnownFileType = sourcecode.c.h; path = "SDDPProject-Bridging-Header.h"; sourceTree = "<group>"; };
		61B18A22249BC3CE008578C8 /* BridgingHeader.h */ = {isa = PBXFileReference; lastKnownFileType = sourcecode.c.h; path = BridgingHeader.h; sourceTree = "<group>"; };
		61B18A23249BC3CE008578C8 /* BridgingHeader.m */ = {isa = PBXFileReference; lastKnownFileType = sourcecode.c.objc; path = BridgingHeader.m; sourceTree = "<group>"; };
		61B18A29249BC565008578C8 /* postsDataManager.swift */ = {isa = PBXFileReference; lastKnownFileType = sourcecode.swift; path = postsDataManager.swift; sourceTree = "<group>"; };
/* End PBXFileReference section */

/* Begin PBXFrameworksBuildPhase section */
		61648B862494B5E600DF8590 /* Frameworks */ = {
			isa = PBXFrameworksBuildPhase;
			buildActionMask = 2147483647;
			files = (
				61B18A20249BC366008578C8 /* libsqlite3.tbd in Frameworks */,
			);
			runOnlyForDeploymentPostprocessing = 0;
		};
		61648B9E2494B5E700DF8590 /* Frameworks */ = {
			isa = PBXFrameworksBuildPhase;
			buildActionMask = 2147483647;
			files = (
			);
			runOnlyForDeploymentPostprocessing = 0;
		};
		61648BA92494B5E700DF8590 /* Frameworks */ = {
			isa = PBXFrameworksBuildPhase;
			buildActionMask = 2147483647;
			files = (
			);
			runOnlyForDeploymentPostprocessing = 0;
		};
/* End PBXFrameworksBuildPhase section */

/* Begin PBXGroup section */
		610F593424976A1F00FB4A43 /* Models */ = {
			isa = PBXGroup;
			children = (
				61648BC72494CBFD00DF8590 /* Posts.swift */,
				610F592F2497625700FB4A43 /* IngredientSteps.swift */,
				610F59312497630C00FB4A43 /* PostComment.swift */,
			);
			path = Models;
			sourceTree = "<group>";
		};
		614E38C224978EB500A556F1 /* Cell View Controllers */ = {
			isa = PBXGroup;
			children = (
				61648BC92494D7BA00DF8590 /* PostCell.swift */,
				610F593724976AB900FB4A43 /* StepsCell.swift */,
				614E38BC2497854B00A556F1 /* CommentCell.swift */,
				610F593524976AA500FB4A43 /* IngredientCell.swift */,
				619A135A249922F000896AF2 /* IngredientItemCell.swift */,
			);
			path = "Cell View Controllers";
			sourceTree = "<group>";
		};
		61648B802494B5E600DF8590 = {
			isa = PBXGroup;
			children = (
				61648B8B2494B5E600DF8590 /* SDDPProject */,
				61648BA42494B5E700DF8590 /* SDDPProjectTests */,
				61648BAF2494B5E700DF8590 /* SDDPProjectUITests */,
				61648B8A2494B5E600DF8590 /* Products */,
				61B18A1E249BC366008578C8 /* Frameworks */,
			);
			sourceTree = "<group>";
		};
		61648B8A2494B5E600DF8590 /* Products */ = {
			isa = PBXGroup;
			children = (
				61648B892494B5E600DF8590 /* SDDPProject.app */,
				61648BA12494B5E700DF8590 /* SDDPProjectTests.xctest */,
				61648BAC2494B5E700DF8590 /* SDDPProjectUITests.xctest */,
			);
			name = Products;
			sourceTree = "<group>";
		};
		61648B8B2494B5E600DF8590 /* SDDPProject */ = {
			isa = PBXGroup;
			children = (
				616EF90F249BD35800F5F066 /* P7_SQLiteDB(4).swift */,
				61B18A2B249BC62F008578C8 /* DataManagers */,
				610F593424976A1F00FB4A43 /* Models */,
				61648BBE2494B90500DF8590 /* View Controllers */,
				61648B8C2494B5E600DF8590 /* AppDelegate.swift */,
				61648B8E2494B5E600DF8590 /* SceneDelegate.swift */,
				61B18A22249BC3CE008578C8 /* BridgingHeader.h */,
				61B18A23249BC3CE008578C8 /* BridgingHeader.m */,
				61B18A21249BC3CE008578C8 /* SDDPProject-Bridging-Header.h */,
				61648B942494B5E600DF8590 /* Main.storyboard */,
				61648B972494B5E700DF8590 /* Assets.xcassets */,
				61648B992494B5E700DF8590 /* LaunchScreen.storyboard */,
				61648B9C2494B5E700DF8590 /* Info.plist */,
			);
			path = SDDPProject;
			sourceTree = "<group>";
		};
		61648BA42494B5E700DF8590 /* SDDPProjectTests */ = {
			isa = PBXGroup;
			children = (
				61648BA52494B5E700DF8590 /* SDDPProjectTests.swift */,
				61648BA72494B5E700DF8590 /* Info.plist */,
			);
			path = SDDPProjectTests;
			sourceTree = "<group>";
		};
		61648BAF2494B5E700DF8590 /* SDDPProjectUITests */ = {
			isa = PBXGroup;
			children = (
				61648BB02494B5E700DF8590 /* SDDPProjectUITests.swift */,
				61648BB22494B5E700DF8590 /* Info.plist */,
			);
			path = SDDPProjectUITests;
			sourceTree = "<group>";
		};
		61648BBE2494B90500DF8590 /* View Controllers */ = {
			isa = PBXGroup;
			children = (
				614E38C224978EB500A556F1 /* Cell View Controllers */,
				61648BC52494C8F700DF8590 /* PostViewController.swift */,
				614E38BE24978D3C00A556F1 /* PostInfoViewController.swift */,
				614E38C024978D8000A556F1 /* CommentsViewController.swift */,
				619A135824990CA100896AF2 /* CreatePost1ViewController.swift */,
				619A135C2499232800896AF2 /* IngredientViewController.swift */,
				619A135E24992ADF00896AF2 /* IngredientInfoViewController.swift */,
				61878B3B249A161500CC82B9 /* FinishPostViewController.swift */,
			);
			path = "View Controllers";
			sourceTree = "<group>";
		};
		61B18A1E249BC366008578C8 /* Frameworks */ = {
			isa = PBXGroup;
			children = (
				61B18A1F249BC366008578C8 /* libsqlite3.tbd */,
			);
			name = Frameworks;
			sourceTree = "<group>";
		};
		61B18A2B249BC62F008578C8 /* DataManagers */ = {
			isa = PBXGroup;
			children = (
				61B18A29249BC565008578C8 /* postsDataManager.swift */,
				6149045E249D0828001C37EF /* commentDataManager.swift */,
				61490462249D0B65001C37EF /* IngredientStepsDataManager.swift */,
			);
			path = DataManagers;
			sourceTree = "<group>";
		};
/* End PBXGroup section */

/* Begin PBXNativeTarget section */
		61648B882494B5E600DF8590 /* SDDPProject */ = {
			isa = PBXNativeTarget;
			buildConfigurationList = 61648BB52494B5E700DF8590 /* Build configuration list for PBXNativeTarget "SDDPProject" */;
			buildPhases = (
				61648B852494B5E600DF8590 /* Sources */,
				61648B862494B5E600DF8590 /* Frameworks */,
				61648B872494B5E600DF8590 /* Resources */,
			);
			buildRules = (
			);
			dependencies = (
			);
			name = SDDPProject;
			productName = SDDPProject;
			productReference = 61648B892494B5E600DF8590 /* SDDPProject.app */;
			productType = "com.apple.product-type.application";
		};
		61648BA02494B5E700DF8590 /* SDDPProjectTests */ = {
			isa = PBXNativeTarget;
			buildConfigurationList = 61648BB82494B5E700DF8590 /* Build configuration list for PBXNativeTarget "SDDPProjectTests" */;
			buildPhases = (
				61648B9D2494B5E700DF8590 /* Sources */,
				61648B9E2494B5E700DF8590 /* Frameworks */,
				61648B9F2494B5E700DF8590 /* Resources */,
			);
			buildRules = (
			);
			dependencies = (
				61648BA32494B5E700DF8590 /* PBXTargetDependency */,
			);
			name = SDDPProjectTests;
			productName = SDDPProjectTests;
			productReference = 61648BA12494B5E700DF8590 /* SDDPProjectTests.xctest */;
			productType = "com.apple.product-type.bundle.unit-test";
		};
		61648BAB2494B5E700DF8590 /* SDDPProjectUITests */ = {
			isa = PBXNativeTarget;
			buildConfigurationList = 61648BBB2494B5E700DF8590 /* Build configuration list for PBXNativeTarget "SDDPProjectUITests" */;
			buildPhases = (
				61648BA82494B5E700DF8590 /* Sources */,
				61648BA92494B5E700DF8590 /* Frameworks */,
				61648BAA2494B5E700DF8590 /* Resources */,
			);
			buildRules = (
			);
			dependencies = (
				61648BAE2494B5E700DF8590 /* PBXTargetDependency */,
			);
			name = SDDPProjectUITests;
			productName = SDDPProjectUITests;
			productReference = 61648BAC2494B5E700DF8590 /* SDDPProjectUITests.xctest */;
			productType = "com.apple.product-type.bundle.ui-testing";
		};
/* End PBXNativeTarget section */

/* Begin PBXProject section */
		61648B812494B5E600DF8590 /* Project object */ = {
			isa = PBXProject;
			attributes = {
				LastSwiftUpdateCheck = 1140;
				LastUpgradeCheck = 1140;
				ORGANIZATIONNAME = NYP;
				TargetAttributes = {
					61648B882494B5E600DF8590 = {
						CreatedOnToolsVersion = 11.4.1;
						LastSwiftMigration = 1140;
					};
					61648BA02494B5E700DF8590 = {
						CreatedOnToolsVersion = 11.4.1;
						TestTargetID = 61648B882494B5E600DF8590;
					};
					61648BAB2494B5E700DF8590 = {
						CreatedOnToolsVersion = 11.4.1;
						TestTargetID = 61648B882494B5E600DF8590;
					};
				};
			};
			buildConfigurationList = 61648B842494B5E600DF8590 /* Build configuration list for PBXProject "SDDPProject" */;
			compatibilityVersion = "Xcode 9.3";
			developmentRegion = en;
			hasScannedForEncodings = 0;
			knownRegions = (
				en,
				Base,
			);
			mainGroup = 61648B802494B5E600DF8590;
			productRefGroup = 61648B8A2494B5E600DF8590 /* Products */;
			projectDirPath = "";
			projectRoot = "";
			targets = (
				61648B882494B5E600DF8590 /* SDDPProject */,
				61648BA02494B5E700DF8590 /* SDDPProjectTests */,
				61648BAB2494B5E700DF8590 /* SDDPProjectUITests */,
			);
		};
/* End PBXProject section */

/* Begin PBXResourcesBuildPhase section */
		61648B872494B5E600DF8590 /* Resources */ = {
			isa = PBXResourcesBuildPhase;
			buildActionMask = 2147483647;
			files = (
				61648B9B2494B5E700DF8590 /* LaunchScreen.storyboard in Resources */,
				61648B982494B5E700DF8590 /* Assets.xcassets in Resources */,
				61648B962494B5E600DF8590 /* Main.storyboard in Resources */,
			);
			runOnlyForDeploymentPostprocessing = 0;
		};
		61648B9F2494B5E700DF8590 /* Resources */ = {
			isa = PBXResourcesBuildPhase;
			buildActionMask = 2147483647;
			files = (
			);
			runOnlyForDeploymentPostprocessing = 0;
		};
		61648BAA2494B5E700DF8590 /* Resources */ = {
			isa = PBXResourcesBuildPhase;
			buildActionMask = 2147483647;
			files = (
			);
			runOnlyForDeploymentPostprocessing = 0;
		};
/* End PBXResourcesBuildPhase section */

/* Begin PBXSourcesBuildPhase section */
		61648B852494B5E600DF8590 /* Sources */ = {
			isa = PBXSourcesBuildPhase;
			buildActionMask = 2147483647;
			files = (
				610F593624976AA500FB4A43 /* IngredientCell.swift in Sources */,
				61B18A2A249BC565008578C8 /* postsDataManager.swift in Sources */,
				619A135924990CA100896AF2 /* CreatePost1ViewController.swift in Sources */,
				6149045F249D0828001C37EF /* commentDataManager.swift in Sources */,
				61B18A24249BC3CE008578C8 /* BridgingHeader.m in Sources */,
				610F59322497630C00FB4A43 /* PostComment.swift in Sources */,
				61878B3C249A161500CC82B9 /* FinishPostViewController.swift in Sources */,
				61648BC62494C8F700DF8590 /* PostViewController.swift in Sources */,
				61648B8D2494B5E600DF8590 /* AppDelegate.swift in Sources */,
				619A135F24992ADF00896AF2 /* IngredientInfoViewController.swift in Sources */,
				614E38BF24978D3C00A556F1 /* PostInfoViewController.swift in Sources */,
				610F593824976AB900FB4A43 /* StepsCell.swift in Sources */,
				614E38BD2497854B00A556F1 /* CommentCell.swift in Sources */,
				61648B8F2494B5E600DF8590 /* SceneDelegate.swift in Sources */,
				614E38C124978D8000A556F1 /* CommentsViewController.swift in Sources */,
				61648BC82494CBFD00DF8590 /* Posts.swift in Sources */,
				61490463249D0B65001C37EF /* IngredientStepsDataManager.swift in Sources */,
				610F59302497625700FB4A43 /* IngredientSteps.swift in Sources */,
				61648BCA2494D7BA00DF8590 /* PostCell.swift in Sources */,
				619A135D2499232800896AF2 /* IngredientViewController.swift in Sources */,
				616EF910249BD35800F5F066 /* P7_SQLiteDB(4).swift in Sources */,
				619A135B249922F000896AF2 /* IngredientItemCell.swift in Sources */,
			);
			runOnlyForDeploymentPostprocessing = 0;
		};
		61648B9D2494B5E700DF8590 /* Sources */ = {
			isa = PBXSourcesBuildPhase;
			buildActionMask = 2147483647;
			files = (
				61648BA62494B5E700DF8590 /* SDDPProjectTests.swift in Sources */,
			);
			runOnlyForDeploymentPostprocessing = 0;
		};
		61648BA82494B5E700DF8590 /* Sources */ = {
			isa = PBXSourcesBuildPhase;
			buildActionMask = 2147483647;
			files = (
				61648BB12494B5E700DF8590 /* SDDPProjectUITests.swift in Sources */,
			);
			runOnlyForDeploymentPostprocessing = 0;
		};
/* End PBXSourcesBuildPhase section */

/* Begin PBXTargetDependency section */
		61648BA32494B5E700DF8590 /* PBXTargetDependency */ = {
			isa = PBXTargetDependency;
			target = 61648B882494B5E600DF8590 /* SDDPProject */;
			targetProxy = 61648BA22494B5E700DF8590 /* PBXContainerItemProxy */;
		};
		61648BAE2494B5E700DF8590 /* PBXTargetDependency */ = {
			isa = PBXTargetDependency;
			target = 61648B882494B5E600DF8590 /* SDDPProject */;
			targetProxy = 61648BAD2494B5E700DF8590 /* PBXContainerItemProxy */;
		};
/* End PBXTargetDependency section */

/* Begin PBXVariantGroup section */
		61648B942494B5E600DF8590 /* Main.storyboard */ = {
			isa = PBXVariantGroup;
			children = (
				61648B952494B5E600DF8590 /* Base */,
			);
			name = Main.storyboard;
			sourceTree = "<group>";
		};
		61648B992494B5E700DF8590 /* LaunchScreen.storyboard */ = {
			isa = PBXVariantGroup;
			children = (
				61648B9A2494B5E700DF8590 /* Base */,
			);
			name = LaunchScreen.storyboard;
			sourceTree = "<group>";
		};
/* End PBXVariantGroup section */

/* Begin XCBuildConfiguration section */
		61648BB32494B5E700DF8590 /* Debug */ = {
			isa = XCBuildConfiguration;
			buildSettings = {
				ALWAYS_SEARCH_USER_PATHS = NO;
				CLANG_ANALYZER_NONNULL = YES;
				CLANG_ANALYZER_NUMBER_OBJECT_CONVERSION = YES_AGGRESSIVE;
				CLANG_CXX_LANGUAGE_STANDARD = "gnu++14";
				CLANG_CXX_LIBRARY = "libc++";
				CLANG_ENABLE_MODULES = YES;
				CLANG_ENABLE_OBJC_ARC = YES;
				CLANG_ENABLE_OBJC_WEAK = YES;
				CLANG_WARN_BLOCK_CAPTURE_AUTORELEASING = YES;
				CLANG_WARN_BOOL_CONVERSION = YES;
				CLANG_WARN_COMMA = YES;
				CLANG_WARN_CONSTANT_CONVERSION = YES;
				CLANG_WARN_DEPRECATED_OBJC_IMPLEMENTATIONS = YES;
				CLANG_WARN_DIRECT_OBJC_ISA_USAGE = YES_ERROR;
				CLANG_WARN_DOCUMENTATION_COMMENTS = YES;
				CLANG_WARN_EMPTY_BODY = YES;
				CLANG_WARN_ENUM_CONVERSION = YES;
				CLANG_WARN_INFINITE_RECURSION = YES;
				CLANG_WARN_INT_CONVERSION = YES;
				CLANG_WARN_NON_LITERAL_NULL_CONVERSION = YES;
				CLANG_WARN_OBJC_IMPLICIT_RETAIN_SELF = YES;
				CLANG_WARN_OBJC_LITERAL_CONVERSION = YES;
				CLANG_WARN_OBJC_ROOT_CLASS = YES_ERROR;
				CLANG_WARN_RANGE_LOOP_ANALYSIS = YES;
				CLANG_WARN_STRICT_PROTOTYPES = YES;
				CLANG_WARN_SUSPICIOUS_MOVE = YES;
				CLANG_WARN_UNGUARDED_AVAILABILITY = YES_AGGRESSIVE;
				CLANG_WARN_UNREACHABLE_CODE = YES;
				CLANG_WARN__DUPLICATE_METHOD_MATCH = YES;
				COPY_PHASE_STRIP = NO;
				DEBUG_INFORMATION_FORMAT = dwarf;
				ENABLE_STRICT_OBJC_MSGSEND = YES;
				ENABLE_TESTABILITY = YES;
				GCC_C_LANGUAGE_STANDARD = gnu11;
				GCC_DYNAMIC_NO_PIC = NO;
				GCC_NO_COMMON_BLOCKS = YES;
				GCC_OPTIMIZATION_LEVEL = 0;
				GCC_PREPROCESSOR_DEFINITIONS = (
					"DEBUG=1",
					"$(inherited)",
				);
				GCC_WARN_64_TO_32_BIT_CONVERSION = YES;
				GCC_WARN_ABOUT_RETURN_TYPE = YES_ERROR;
				GCC_WARN_UNDECLARED_SELECTOR = YES;
				GCC_WARN_UNINITIALIZED_AUTOS = YES_AGGRESSIVE;
				GCC_WARN_UNUSED_FUNCTION = YES;
				GCC_WARN_UNUSED_VARIABLE = YES;
				IPHONEOS_DEPLOYMENT_TARGET = 13.4;
				MTL_ENABLE_DEBUG_INFO = INCLUDE_SOURCE;
				MTL_FAST_MATH = YES;
				ONLY_ACTIVE_ARCH = YES;
				SDKROOT = iphoneos;
				SWIFT_ACTIVE_COMPILATION_CONDITIONS = DEBUG;
				SWIFT_OPTIMIZATION_LEVEL = "-Onone";
			};
			name = Debug;
		};
		61648BB42494B5E700DF8590 /* Release */ = {
			isa = XCBuildConfiguration;
			buildSettings = {
				ALWAYS_SEARCH_USER_PATHS = NO;
				CLANG_ANALYZER_NONNULL = YES;
				CLANG_ANALYZER_NUMBER_OBJECT_CONVERSION = YES_AGGRESSIVE;
				CLANG_CXX_LANGUAGE_STANDARD = "gnu++14";
				CLANG_CXX_LIBRARY = "libc++";
				CLANG_ENABLE_MODULES = YES;
				CLANG_ENABLE_OBJC_ARC = YES;
				CLANG_ENABLE_OBJC_WEAK = YES;
				CLANG_WARN_BLOCK_CAPTURE_AUTORELEASING = YES;
				CLANG_WARN_BOOL_CONVERSION = YES;
				CLANG_WARN_COMMA = YES;
				CLANG_WARN_CONSTANT_CONVERSION = YES;
				CLANG_WARN_DEPRECATED_OBJC_IMPLEMENTATIONS = YES;
				CLANG_WARN_DIRECT_OBJC_ISA_USAGE = YES_ERROR;
				CLANG_WARN_DOCUMENTATION_COMMENTS = YES;
				CLANG_WARN_EMPTY_BODY = YES;
				CLANG_WARN_ENUM_CONVERSION = YES;
				CLANG_WARN_INFINITE_RECURSION = YES;
				CLANG_WARN_INT_CONVERSION = YES;
				CLANG_WARN_NON_LITERAL_NULL_CONVERSION = YES;
				CLANG_WARN_OBJC_IMPLICIT_RETAIN_SELF = YES;
				CLANG_WARN_OBJC_LITERAL_CONVERSION = YES;
				CLANG_WARN_OBJC_ROOT_CLASS = YES_ERROR;
				CLANG_WARN_RANGE_LOOP_ANALYSIS = YES;
				CLANG_WARN_STRICT_PROTOTYPES = YES;
				CLANG_WARN_SUSPICIOUS_MOVE = YES;
				CLANG_WARN_UNGUARDED_AVAILABILITY = YES_AGGRESSIVE;
				CLANG_WARN_UNREACHABLE_CODE = YES;
				CLANG_WARN__DUPLICATE_METHOD_MATCH = YES;
				COPY_PHASE_STRIP = NO;
				DEBUG_INFORMATION_FORMAT = "dwarf-with-dsym";
				ENABLE_NS_ASSERTIONS = NO;
				ENABLE_STRICT_OBJC_MSGSEND = YES;
				GCC_C_LANGUAGE_STANDARD = gnu11;
				GCC_NO_COMMON_BLOCKS = YES;
				GCC_WARN_64_TO_32_BIT_CONVERSION = YES;
				GCC_WARN_ABOUT_RETURN_TYPE = YES_ERROR;
				GCC_WARN_UNDECLARED_SELECTOR = YES;
				GCC_WARN_UNINITIALIZED_AUTOS = YES_AGGRESSIVE;
				GCC_WARN_UNUSED_FUNCTION = YES;
				GCC_WARN_UNUSED_VARIABLE = YES;
				IPHONEOS_DEPLOYMENT_TARGET = 13.4;
				MTL_ENABLE_DEBUG_INFO = NO;
				MTL_FAST_MATH = YES;
				SDKROOT = iphoneos;
				SWIFT_COMPILATION_MODE = wholemodule;
				SWIFT_OPTIMIZATION_LEVEL = "-O";
				VALIDATE_PRODUCT = YES;
			};
			name = Release;
		};
		61648BB62494B5E700DF8590 /* Debug */ = {
			isa = XCBuildConfiguration;
			buildSettings = {
				ASSETCATALOG_COMPILER_APPICON_NAME = AppIcon;
				CLANG_ENABLE_MODULES = YES;
				CODE_SIGN_STYLE = Automatic;
				INFOPLIST_FILE = SDDPProject/Info.plist;
				LD_RUNPATH_SEARCH_PATHS = (
					"$(inherited)",
					"@executable_path/Frameworks",
				);
				PRODUCT_BUNDLE_IDENTIFIER = com.182558z.SDDPProject;
				PRODUCT_NAME = "$(TARGET_NAME)";
				SWIFT_OBJC_BRIDGING_HEADER = "SDDPProject/SDDPProject-Bridging-Header.h";
				SWIFT_OPTIMIZATION_LEVEL = "-Onone";
				SWIFT_VERSION = 5.0;
				TARGETED_DEVICE_FAMILY = "1,2";
			};
			name = Debug;
		};
		61648BB72494B5E700DF8590 /* Release */ = {
			isa = XCBuildConfiguration;
			buildSettings = {
				ASSETCATALOG_COMPILER_APPICON_NAME = AppIcon;
				CLANG_ENABLE_MODULES = YES;
				CODE_SIGN_STYLE = Automatic;
				INFOPLIST_FILE = SDDPProject/Info.plist;
				LD_RUNPATH_SEARCH_PATHS = (
					"$(inherited)",
					"@executable_path/Frameworks",
				);
				PRODUCT_BUNDLE_IDENTIFIER = com.182558z.SDDPProject;
				PRODUCT_NAME = "$(TARGET_NAME)";
				SWIFT_OBJC_BRIDGING_HEADER = "SDDPProject/SDDPProject-Bridging-Header.h";
				SWIFT_VERSION = 5.0;
				TARGETED_DEVICE_FAMILY = "1,2";
			};
			name = Release;
		};
		61648BB92494B5E700DF8590 /* Debug */ = {
			isa = XCBuildConfiguration;
			buildSettings = {
				ALWAYS_EMBED_SWIFT_STANDARD_LIBRARIES = YES;
				BUNDLE_LOADER = "$(TEST_HOST)";
				CODE_SIGN_STYLE = Automatic;
				INFOPLIST_FILE = SDDPProjectTests/Info.plist;
				IPHONEOS_DEPLOYMENT_TARGET = 13.4;
				LD_RUNPATH_SEARCH_PATHS = (
					"$(inherited)",
					"@executable_path/Frameworks",
					"@loader_path/Frameworks",
				);
				PRODUCT_BUNDLE_IDENTIFIER = com.182558z.SDDPProjectTests;
				PRODUCT_NAME = "$(TARGET_NAME)";
				SWIFT_VERSION = 5.0;
				TARGETED_DEVICE_FAMILY = "1,2";
				TEST_HOST = "$(BUILT_PRODUCTS_DIR)/SDDPProject.app/SDDPProject";
			};
			name = Debug;
		};
		61648BBA2494B5E700DF8590 /* Release */ = {
			isa = XCBuildConfiguration;
			buildSettings = {
				ALWAYS_EMBED_SWIFT_STANDARD_LIBRARIES = YES;
				BUNDLE_LOADER = "$(TEST_HOST)";
				CODE_SIGN_STYLE = Automatic;
				INFOPLIST_FILE = SDDPProjectTests/Info.plist;
				IPHONEOS_DEPLOYMENT_TARGET = 13.4;
				LD_RUNPATH_SEARCH_PATHS = (
					"$(inherited)",
					"@executable_path/Frameworks",
					"@loader_path/Frameworks",
				);
				PRODUCT_BUNDLE_IDENTIFIER = com.182558z.SDDPProjectTests;
				PRODUCT_NAME = "$(TARGET_NAME)";
				SWIFT_VERSION = 5.0;
				TARGETED_DEVICE_FAMILY = "1,2";
				TEST_HOST = "$(BUILT_PRODUCTS_DIR)/SDDPProject.app/SDDPProject";
			};
			name = Release;
		};
		61648BBC2494B5E700DF8590 /* Debug */ = {
			isa = XCBuildConfiguration;
			buildSettings = {
				ALWAYS_EMBED_SWIFT_STANDARD_LIBRARIES = YES;
				CODE_SIGN_STYLE = Automatic;
				INFOPLIST_FILE = SDDPProjectUITests/Info.plist;
				LD_RUNPATH_SEARCH_PATHS = (
					"$(inherited)",
					"@executable_path/Frameworks",
					"@loader_path/Frameworks",
				);
				PRODUCT_BUNDLE_IDENTIFIER = com.182558z.SDDPProjectUITests;
				PRODUCT_NAME = "$(TARGET_NAME)";
				SWIFT_VERSION = 5.0;
				TARGETED_DEVICE_FAMILY = "1,2";
				TEST_TARGET_NAME = SDDPProject;
			};
			name = Debug;
		};
		61648BBD2494B5E700DF8590 /* Release */ = {
			isa = XCBuildConfiguration;
			buildSettings = {
				ALWAYS_EMBED_SWIFT_STANDARD_LIBRARIES = YES;
				CODE_SIGN_STYLE = Automatic;
				INFOPLIST_FILE = SDDPProjectUITests/Info.plist;
				LD_RUNPATH_SEARCH_PATHS = (
					"$(inherited)",
					"@executable_path/Frameworks",
					"@loader_path/Frameworks",
				);
				PRODUCT_BUNDLE_IDENTIFIER = com.182558z.SDDPProjectUITests;
				PRODUCT_NAME = "$(TARGET_NAME)";
				SWIFT_VERSION = 5.0;
				TARGETED_DEVICE_FAMILY = "1,2";
				TEST_TARGET_NAME = SDDPProject;
			};
			name = Release;
		};
/* End XCBuildConfiguration section */

/* Begin XCConfigurationList section */
		61648B842494B5E600DF8590 /* Build configuration list for PBXProject "SDDPProject" */ = {
			isa = XCConfigurationList;
			buildConfigurations = (
				61648BB32494B5E700DF8590 /* Debug */,
				61648BB42494B5E700DF8590 /* Release */,
			);
			defaultConfigurationIsVisible = 0;
			defaultConfigurationName = Release;
		};
		61648BB52494B5E700DF8590 /* Build configuration list for PBXNativeTarget "SDDPProject" */ = {
			isa = XCConfigurationList;
			buildConfigurations = (
				61648BB62494B5E700DF8590 /* Debug */,
				61648BB72494B5E700DF8590 /* Release */,
			);
			defaultConfigurationIsVisible = 0;
			defaultConfigurationName = Release;
		};
		61648BB82494B5E700DF8590 /* Build configuration list for PBXNativeTarget "SDDPProjectTests" */ = {
			isa = XCConfigurationList;
			buildConfigurations = (
				61648BB92494B5E700DF8590 /* Debug */,
				61648BBA2494B5E700DF8590 /* Release */,
			);
			defaultConfigurationIsVisible = 0;
			defaultConfigurationName = Release;
		};
		61648BBB2494B5E700DF8590 /* Build configuration list for PBXNativeTarget "SDDPProjectUITests" */ = {
			isa = XCConfigurationList;
			buildConfigurations = (
				61648BBC2494B5E700DF8590 /* Debug */,
				61648BBD2494B5E700DF8590 /* Release */,
			);
			defaultConfigurationIsVisible = 0;
			defaultConfigurationName = Release;
		};
/* End XCConfigurationList section */
	};
	rootObject = 61648B812494B5E600DF8590 /* Project object */;
}
